// !$*UTF8*$!
{
	archiveVersion = 1;
	classes = {
	};
	objectVersion = 56;
	objects = {

/* Begin PBXBuildFile section */
		A9D6108E2A47EB170020BBE7 /* BlueApp.swift in Sources */ = {isa = PBXBuildFile; fileRef = A9D6108D2A47EB170020BBE7 /* BlueApp.swift */; };
		A9D610902A47EB170020BBE7 /* ContentView.swift in Sources */ = {isa = PBXBuildFile; fileRef = A9D6108F2A47EB170020BBE7 /* ContentView.swift */; };
		A9D610922A47EB180020BBE7 /* Assets.xcassets in Resources */ = {isa = PBXBuildFile; fileRef = A9D610912A47EB180020BBE7 /* Assets.xcassets */; };
		A9D610952A47EB180020BBE7 /* Preview Assets.xcassets in Resources */ = {isa = PBXBuildFile; fileRef = A9D610942A47EB180020BBE7 /* Preview Assets.xcassets */; };
		A9D6109F2A47EB180020BBE7 /* BlueTests.swift in Sources */ = {isa = PBXBuildFile; fileRef = A9D6109E2A47EB180020BBE7 /* BlueTests.swift */; };
		A9D610A92A47EB180020BBE7 /* BlueUITests.swift in Sources */ = {isa = PBXBuildFile; fileRef = A9D610A82A47EB180020BBE7 /* BlueUITests.swift */; };
		A9D610AB2A47EB180020BBE7 /* BlueUITestsLaunchTests.swift in Sources */ = {isa = PBXBuildFile; fileRef = A9D610AA2A47EB180020BBE7 /* BlueUITestsLaunchTests.swift */; };
/* End PBXBuildFile section */

/* Begin PBXContainerItemProxy section */
		A9D6109B2A47EB180020BBE7 /* PBXContainerItemProxy */ = {
			isa = PBXContainerItemProxy;
			containerPortal = A9D610822A47EB170020BBE7 /* Project object */;
			proxyType = 1;
			remoteGlobalIDString = A9D610892A47EB170020BBE7;
			remoteInfo = Blue;
		};
		A9D610A52A47EB180020BBE7 /* PBXContainerItemProxy */ = {
			isa = PBXContainerItemProxy;
			containerPortal = A9D610822A47EB170020BBE7 /* Project object */;
			proxyType = 1;
			remoteGlobalIDString = A9D610892A47EB170020BBE7;
			remoteInfo = Blue;
		};
/* End PBXContainerItemProxy section */

/* Begin PBXFileReference section */
		A9D6108A2A47EB170020BBE7 /* Blue.app */ = {isa = PBXFileReference; explicitFileType = wrapper.application; includeInIndex = 0; path = Blue.app; sourceTree = BUILT_PRODUCTS_DIR; };
		A9D6108D2A47EB170020BBE7 /* BlueApp.swift */ = {isa = PBXFileReference; lastKnownFileType = sourcecode.swift; path = BlueApp.swift; sourceTree = "<group>"; };
		A9D6108F2A47EB170020BBE7 /* ContentView.swift */ = {isa = PBXFileReference; lastKnownFileType = sourcecode.swift; path = ContentView.swift; sourceTree = "<group>"; };
		A9D610912A47EB180020BBE7 /* Assets.xcassets */ = {isa = PBXFileReference; lastKnownFileType = folder.assetcatalog; path = Assets.xcassets; sourceTree = "<group>"; };
		A9D610942A47EB180020BBE7 /* Preview Assets.xcassets */ = {isa = PBXFileReference; lastKnownFileType = folder.assetcatalog; path = "Preview Assets.xcassets"; sourceTree = "<group>"; };
		A9D6109A2A47EB180020BBE7 /* BlueTests.xctest */ = {isa = PBXFileReference; explicitFileType = wrapper.cfbundle; includeInIndex = 0; path = BlueTests.xctest; sourceTree = BUILT_PRODUCTS_DIR; };
		A9D6109E2A47EB180020BBE7 /* BlueTests.swift */ = {isa = PBXFileReference; lastKnownFileType = sourcecode.swift; path = BlueTests.swift; sourceTree = "<group>"; };
		A9D610A42A47EB180020BBE7 /* BlueUITests.xctest */ = {isa = PBXFileReference; explicitFileType = wrapper.cfbundle; includeInIndex = 0; path = BlueUITests.xctest; sourceTree = BUILT_PRODUCTS_DIR; };
		A9D610A82A47EB180020BBE7 /* BlueUITests.swift */ = {isa = PBXFileReference; lastKnownFileType = sourcecode.swift; path = BlueUITests.swift; sourceTree = "<group>"; };
		A9D610AA2A47EB180020BBE7 /* BlueUITestsLaunchTests.swift */ = {isa = PBXFileReference; lastKnownFileType = sourcecode.swift; path = BlueUITestsLaunchTests.swift; sourceTree = "<group>"; };
/* End PBXFileReference section */

/* Begin PBXFrameworksBuildPhase section */
		A9D610872A47EB170020BBE7 /* Frameworks */ = {
			isa = PBXFrameworksBuildPhase;
			buildActionMask = 2147483647;
			files = (
			);
			runOnlyForDeploymentPostprocessing = 0;
		};
		A9D610972A47EB180020BBE7 /* Frameworks */ = {
			isa = PBXFrameworksBuildPhase;
			buildActionMask = 2147483647;
			files = (
			);
			runOnlyForDeploymentPostprocessing = 0;
		};
		A9D610A12A47EB180020BBE7 /* Frameworks */ = {
			isa = PBXFrameworksBuildPhase;
			buildActionMask = 2147483647;
			files = (
			);
			runOnlyForDeploymentPostprocessing = 0;
		};
/* End PBXFrameworksBuildPhase section */

/* Begin PBXGroup section */
		A9D610812A47EB170020BBE7 = {
			isa = PBXGroup;
			children = (
				A9D6108C2A47EB170020BBE7 /* Blue */,
				A9D6109D2A47EB180020BBE7 /* BlueTests */,
				A9D610A72A47EB180020BBE7 /* BlueUITests */,
				A9D6108B2A47EB170020BBE7 /* Products */,
			);
			sourceTree = "<group>";
		};
		A9D6108B2A47EB170020BBE7 /* Products */ = {
			isa = PBXGroup;
			children = (
				A9D6108A2A47EB170020BBE7 /* Blue.app */,
				A9D6109A2A47EB180020BBE7 /* BlueTests.xctest */,
				A9D610A42A47EB180020BBE7 /* BlueUITests.xctest */,
			);
			name = Products;
			sourceTree = "<group>";
		};
		A9D6108C2A47EB170020BBE7 /* Blue */ = {
			isa = PBXGroup;
			children = (
				A9D6108D2A47EB170020BBE7 /* BlueApp.swift */,
				A9D6108F2A47EB170020BBE7 /* ContentView.swift */,
				A9D610912A47EB180020BBE7 /* Assets.xcassets */,
				A9D610932A47EB180020BBE7 /* Preview Content */,
			);
			path = Blue;
			sourceTree = "<group>";
		};
		A9D610932A47EB180020BBE7 /* Preview Content */ = {
			isa = PBXGroup;
			children = (
				A9D610942A47EB180020BBE7 /* Preview Assets.xcassets */,
			);
			path = "Preview Content";
			sourceTree = "<group>";
		};
		A9D6109D2A47EB180020BBE7 /* BlueTests */ = {
			isa = PBXGroup;
			children = (
				A9D6109E2A47EB180020BBE7 /* BlueTests.swift */,
			);
			path = BlueTests;
			sourceTree = "<group>";
		};
		A9D610A72A47EB180020BBE7 /* BlueUITests */ = {
			isa = PBXGroup;
			children = (
				A9D610A82A47EB180020BBE7 /* BlueUITests.swift */,
				A9D610AA2A47EB180020BBE7 /* BlueUITestsLaunchTests.swift */,
			);
			path = BlueUITests;
			sourceTree = "<group>";
		};
/* End PBXGroup section */

/* Begin PBXNativeTarget section */
		A9D610892A47EB170020BBE7 /* Blue */ = {
			isa = PBXNativeTarget;
			buildConfigurationList = A9D610AE2A47EB180020BBE7 /* Build configuration list for PBXNativeTarget "Blue" */;
			buildPhases = (
				A9D610862A47EB170020BBE7 /* Sources */,
				A9D610872A47EB170020BBE7 /* Frameworks */,
				A9D610882A47EB170020BBE7 /* Resources */,
			);
			buildRules = (
			);
			dependencies = (
			);
			name = Blue;
			productName = Blue;
			productReference = A9D6108A2A47EB170020BBE7 /* Blue.app */;
			productType = "com.apple.product-type.application";
		};
		A9D610992A47EB180020BBE7 /* BlueTests */ = {
			isa = PBXNativeTarget;
			buildConfigurationList = A9D610B12A47EB180020BBE7 /* Build configuration list for PBXNativeTarget "BlueTests" */;
			buildPhases = (
				A9D610962A47EB180020BBE7 /* Sources */,
				A9D610972A47EB180020BBE7 /* Frameworks */,
				A9D610982A47EB180020BBE7 /* Resources */,
			);
			buildRules = (
			);
			dependencies = (
				A9D6109C2A47EB180020BBE7 /* PBXTargetDependency */,
			);
			name = BlueTests;
			productName = BlueTests;
			productReference = A9D6109A2A47EB180020BBE7 /* BlueTests.xctest */;
			productType = "com.apple.product-type.bundle.unit-test";
		};
		A9D610A32A47EB180020BBE7 /* BlueUITests */ = {
			isa = PBXNativeTarget;
			buildConfigurationList = A9D610B42A47EB180020BBE7 /* Build configuration list for PBXNativeTarget "BlueUITests" */;
			buildPhases = (
				A9D610A02A47EB180020BBE7 /* Sources */,
				A9D610A12A47EB180020BBE7 /* Frameworks */,
				A9D610A22A47EB180020BBE7 /* Resources */,
			);
			buildRules = (
			);
			dependencies = (
				A9D610A62A47EB180020BBE7 /* PBXTargetDependency */,
			);
			name = BlueUITests;
			productName = BlueUITests;
			productReference = A9D610A42A47EB180020BBE7 /* BlueUITests.xctest */;
			productType = "com.apple.product-type.bundle.ui-testing";
		};
/* End PBXNativeTarget section */

/* Begin PBXProject section */
		A9D610822A47EB170020BBE7 /* Project object */ = {
			isa = PBXProject;
			attributes = {
				BuildIndependentTargetsInParallel = 1;
				LastSwiftUpdateCheck = 1430;
				LastUpgradeCheck = 1430;
				TargetAttributes = {
					A9D610892A47EB170020BBE7 = {
						CreatedOnToolsVersion = 14.3.1;
					};
					A9D610992A47EB180020BBE7 = {
						CreatedOnToolsVersion = 14.3.1;
						TestTargetID = A9D610892A47EB170020BBE7;
					};
					A9D610A32A47EB180020BBE7 = {
						CreatedOnToolsVersion = 14.3.1;
						TestTargetID = A9D610892A47EB170020BBE7;
					};
				};
			};
			buildConfigurationList = A9D610852A47EB170020BBE7 /* Build configuration list for PBXProject "Blue" */;
			compatibilityVersion = "Xcode 14.0";
			developmentRegion = en;
			hasScannedForEncodings = 0;
			knownRegions = (
				en,
				Base,
			);
			mainGroup = A9D610812A47EB170020BBE7;
			productRefGroup = A9D6108B2A47EB170020BBE7 /* Products */;
			projectDirPath = "";
			projectRoot = "";
			targets = (
				A9D610892A47EB170020BBE7 /* Blue */,
				A9D610992A47EB180020BBE7 /* BlueTests */,
				A9D610A32A47EB180020BBE7 /* BlueUITests */,
			);
		};
/* End PBXProject section */

/* Begin PBXResourcesBuildPhase section */
		A9D610882A47EB170020BBE7 /* Resources */ = {
			isa = PBXResourcesBuildPhase;
			buildActionMask = 2147483647;
			files = (
				A9D610952A47EB180020BBE7 /* Preview Assets.xcassets in Resources */,
				A9D610922A47EB180020BBE7 /* Assets.xcassets in Resources */,
			);
			runOnlyForDeploymentPostprocessing = 0;
		};
		A9D610982A47EB180020BBE7 /* Resources */ = {
			isa = PBXResourcesBuildPhase;
			buildActionMask = 2147483647;
			files = (
			);
			runOnlyForDeploymentPostprocessing = 0;
		};
		A9D610A22A47EB180020BBE7 /* Resources */ = {
			isa = PBXResourcesBuildPhase;
			buildActionMask = 2147483647;
			files = (
			);
			runOnlyForDeploymentPostprocessing = 0;
		};
/* End PBXResourcesBuildPhase section */

/* Begin PBXSourcesBuildPhase section */
		A9D610862A47EB170020BBE7 /* Sources */ = {
			isa = PBXSourcesBuildPhase;
			buildActionMask = 2147483647;
			files = (
				A9D610902A47EB170020BBE7 /* ContentView.swift in Sources */,
				A9D6108E2A47EB170020BBE7 /* BlueApp.swift in Sources */,
			);
			runOnlyForDeploymentPostprocessing = 0;
		};
		A9D610962A47EB180020BBE7 /* Sources */ = {
			isa = PBXSourcesBuildPhase;
			buildActionMask = 2147483647;
			files = (
				A9D6109F2A47EB180020BBE7 /* BlueTests.swift in Sources */,
			);
			runOnlyForDeploymentPostprocessing = 0;
		};
		A9D610A02A47EB180020BBE7 /* Sources */ = {
			isa = PBXSourcesBuildPhase;
			buildActionMask = 2147483647;
			files = (
				A9D610AB2A47EB180020BBE7 /* BlueUITestsLaunchTests.swift in Sources */,
				A9D610A92A47EB180020BBE7 /* BlueUITests.swift in Sources */,
			);
			runOnlyForDeploymentPostprocessing = 0;
		};
/* End PBXSourcesBuildPhase section */

/* Begin PBXTargetDependency section */
		A9D6109C2A47EB180020BBE7 /* PBXTargetDependency */ = {
			isa = PBXTargetDependency;
			target = A9D610892A47EB170020BBE7 /* Blue */;
			targetProxy = A9D6109B2A47EB180020BBE7 /* PBXContainerItemProxy */;
		};
		A9D610A62A47EB180020BBE7 /* PBXTargetDependency */ = {
			isa = PBXTargetDependency;
			target = A9D610892A47EB170020BBE7 /* Blue */;
			targetProxy = A9D610A52A47EB180020BBE7 /* PBXContainerItemProxy */;
		};
/* End PBXTargetDependency section */

/* Begin XCBuildConfiguration section */
		A9D610AC2A47EB180020BBE7 /* Debug */ = {
			isa = XCBuildConfiguration;
			buildSettings = {
				ALWAYS_SEARCH_USER_PATHS = NO;
				CLANG_ANALYZER_NONNULL = YES;
				CLANG_ANALYZER_NUMBER_OBJECT_CONVERSION = YES_AGGRESSIVE;
				CLANG_CXX_LANGUAGE_STANDARD = "gnu++20";
				CLANG_ENABLE_MODULES = YES;
				CLANG_ENABLE_OBJC_ARC = YES;
				CLANG_ENABLE_OBJC_WEAK = YES;
				CLANG_WARN_BLOCK_CAPTURE_AUTORELEASING = YES;
				CLANG_WARN_BOOL_CONVERSION = YES;
				CLANG_WARN_COMMA = YES;
				CLANG_WARN_CONSTANT_CONVERSION = YES;
				CLANG_WARN_DEPRECATED_OBJC_IMPLEMENTATIONS = YES;
				CLANG_WARN_DIRECT_OBJC_ISA_USAGE = YES_ERROR;
				CLANG_WARN_DOCUMENTATION_COMMENTS = YES;
				CLANG_WARN_EMPTY_BODY = YES;
				CLANG_WARN_ENUM_CONVERSION = YES;
				CLANG_WARN_INFINITE_RECURSION = YES;
				CLANG_WARN_INT_CONVERSION = YES;
				CLANG_WARN_NON_LITERAL_NULL_CONVERSION = YES;
				CLANG_WARN_OBJC_IMPLICIT_RETAIN_SELF = YES;
				CLANG_WARN_OBJC_LITERAL_CONVERSION = YES;
				CLANG_WARN_OBJC_ROOT_CLASS = YES_ERROR;
				CLANG_WARN_QUOTED_INCLUDE_IN_FRAMEWORK_HEADER = YES;
				CLANG_WARN_RANGE_LOOP_ANALYSIS = YES;
				CLANG_WARN_STRICT_PROTOTYPES = YES;
				CLANG_WARN_SUSPICIOUS_MOVE = YES;
				CLANG_WARN_UNGUARDED_AVAILABILITY = YES_AGGRESSIVE;
				CLANG_WARN_UNREACHABLE_CODE = YES;
				CLANG_WARN__DUPLICATE_METHOD_MATCH = YES;
				COPY_PHASE_STRIP = NO;
				DEBUG_INFORMATION_FORMAT = dwarf;
				ENABLE_STRICT_OBJC_MSGSEND = YES;
				ENABLE_TESTABILITY = YES;
				GCC_C_LANGUAGE_STANDARD = gnu11;
				GCC_DYNAMIC_NO_PIC = NO;
				GCC_NO_COMMON_BLOCKS = YES;
				GCC_OPTIMIZATION_LEVEL = 0;
				GCC_PREPROCESSOR_DEFINITIONS = (
					"DEBUG=1",
					"$(inherited)",
				);
				GCC_WARN_64_TO_32_BIT_CONVERSION = YES;
				GCC_WARN_ABOUT_RETURN_TYPE = YES_ERROR;
				GCC_WARN_UNDECLARED_SELECTOR = YES;
				GCC_WARN_UNINITIALIZED_AUTOS = YES_AGGRESSIVE;
				GCC_WARN_UNUSED_FUNCTION = YES;
				GCC_WARN_UNUSED_VARIABLE = YES;
				IPHONEOS_DEPLOYMENT_TARGET = 16.4;
				MTL_ENABLE_DEBUG_INFO = INCLUDE_SOURCE;
				MTL_FAST_MATH = YES;
				ONLY_ACTIVE_ARCH = YES;
				SDKROOT = iphoneos;
				SWIFT_ACTIVE_COMPILATION_CONDITIONS = DEBUG;
				SWIFT_OPTIMIZATION_LEVEL = "-Onone";
			};
			name = Debug;
		};
		A9D610AD2A47EB180020BBE7 /* Release */ = {
			isa = XCBuildConfiguration;
			buildSettings = {
				ALWAYS_SEARCH_USER_PATHS = NO;
				CLANG_ANALYZER_NONNULL = YES;
				CLANG_ANALYZER_NUMBER_OBJECT_CONVERSION = YES_AGGRESSIVE;
				CLANG_CXX_LANGUAGE_STANDARD = "gnu++20";
				CLANG_ENABLE_MODULES = YES;
				CLANG_ENABLE_OBJC_ARC = YES;
				CLANG_ENABLE_OBJC_WEAK = YES;
				CLANG_WARN_BLOCK_CAPTURE_AUTORELEASING = YES;
				CLANG_WARN_BOOL_CONVERSION = YES;
				CLANG_WARN_COMMA = YES;
				CLANG_WARN_CONSTANT_CONVERSION = YES;
				CLANG_WARN_DEPRECATED_OBJC_IMPLEMENTATIONS = YES;
				CLANG_WARN_DIRECT_OBJC_ISA_USAGE = YES_ERROR;
				CLANG_WARN_DOCUMENTATION_COMMENTS = YES;
				CLANG_WARN_EMPTY_BODY = YES;
				CLANG_WARN_ENUM_CONVERSION = YES;
				CLANG_WARN_INFINITE_RECURSION = YES;
				CLANG_WARN_INT_CONVERSION = YES;
				CLANG_WARN_NON_LITERAL_NULL_CONVERSION = YES;
				CLANG_WARN_OBJC_IMPLICIT_RETAIN_SELF = YES;
				CLANG_WARN_OBJC_LITERAL_CONVERSION = YES;
				CLANG_WARN_OBJC_ROOT_CLASS = YES_ERROR;
				CLANG_WARN_QUOTED_INCLUDE_IN_FRAMEWORK_HEADER = YES;
				CLANG_WARN_RANGE_LOOP_ANALYSIS = YES;
				CLANG_WARN_STRICT_PROTOTYPES = YES;
				CLANG_WARN_SUSPICIOUS_MOVE = YES;
				CLANG_WARN_UNGUARDED_AVAILABILITY = YES_AGGRESSIVE;
				CLANG_WARN_UNREACHABLE_CODE = YES;
				CLANG_WARN__DUPLICATE_METHOD_MATCH = YES;
				COPY_PHASE_STRIP = NO;
				DEBUG_INFORMATION_FORMAT = "dwarf-with-dsym";
				ENABLE_NS_ASSERTIONS = NO;
				ENABLE_STRICT_OBJC_MSGSEND = YES;
				GCC_C_LANGUAGE_STANDARD = gnu11;
				GCC_NO_COMMON_BLOCKS = YES;
				GCC_WARN_64_TO_32_BIT_CONVERSION = YES;
				GCC_WARN_ABOUT_RETURN_TYPE = YES_ERROR;
				GCC_WARN_UNDECLARED_SELECTOR = YES;
				GCC_WARN_UNINITIALIZED_AUTOS = YES_AGGRESSIVE;
				GCC_WARN_UNUSED_FUNCTION = YES;
				GCC_WARN_UNUSED_VARIABLE = YES;
				IPHONEOS_DEPLOYMENT_TARGET = 16.4;
				MTL_ENABLE_DEBUG_INFO = NO;
				MTL_FAST_MATH = YES;
				SDKROOT = iphoneos;
				SWIFT_COMPILATION_MODE = wholemodule;
				SWIFT_OPTIMIZATION_LEVEL = "-O";
				VALIDATE_PRODUCT = YES;
			};
			name = Release;
		};
		A9D610AF2A47EB180020BBE7 /* Debug */ = {
			isa = XCBuildConfiguration;
			buildSettings = {
				ASSETCATALOG_COMPILER_APPICON_NAME = AppIcon;
				ASSETCATALOG_COMPILER_GLOBAL_ACCENT_COLOR_NAME = AccentColor;
				CODE_SIGN_STYLE = Automatic;
				CURRENT_PROJECT_VERSION = 1;
				DEVELOPMENT_ASSET_PATHS = "\"Blue/Preview Content\"";
				DEVELOPMENT_TEAM = 5T7N8Z9JHB;
				ENABLE_PREVIEWS = YES;
				GENERATE_INFOPLIST_FILE = YES;
				INFOPLIST_KEY_UIApplicationSceneManifest_Generation = YES;
				INFOPLIST_KEY_UIApplicationSupportsIndirectInputEvents = YES;
				INFOPLIST_KEY_UILaunchScreen_Generation = YES;
				INFOPLIST_KEY_UISupportedInterfaceOrientations_iPad = "UIInterfaceOrientationPortrait UIInterfaceOrientationPortraitUpsideDown UIInterfaceOrientationLandscapeLeft UIInterfaceOrientationLandscapeRight";
				INFOPLIST_KEY_UISupportedInterfaceOrientations_iPhone = "UIInterfaceOrientationPortrait UIInterfaceOrientationLandscapeLeft UIInterfaceOrientationLandscapeRight";
				LD_RUNPATH_SEARCH_PATHS = (
					"$(inherited)",
					"@executable_path/Frameworks",
				);
				MARKETING_VERSION = 1.0;
				PRODUCT_BUNDLE_IDENTIFIER = iOSApp.Blue;
				PRODUCT_NAME = "$(TARGET_NAME)";
				SWIFT_EMIT_LOC_STRINGS = YES;
				SWIFT_VERSION = 5.0;
				TARGETED_DEVICE_FAMILY = "1,2";
			};
			name = Debug;
		};
		A9D610B02A47EB180020BBE7 /* Release */ = {
			isa = XCBuildConfiguration;
			buildSettings = {
				ASSETCATALOG_COMPILER_APPICON_NAME = AppIcon;
				ASSETCATALOG_COMPILER_GLOBAL_ACCENT_COLOR_NAME = AccentColor;
				CODE_SIGN_STYLE = Automatic;
				CURRENT_PROJECT_VERSION = 1;
				DEVELOPMENT_ASSET_PATHS = "\"Blue/Preview Content\"";
				DEVELOPMENT_TEAM = 5T7N8Z9JHB;
				ENABLE_PREVIEWS = YES;
				GENERATE_INFOPLIST_FILE = YES;
				INFOPLIST_KEY_UIApplicationSceneManifest_Generation = YES;
				INFOPLIST_KEY_UIApplicationSupportsIndirectInputEvents = YES;
				INFOPLIST_KEY_UILaunchScreen_Generation = YES;
				INFOPLIST_KEY_UISupportedInterfaceOrientations_iPad = "UIInterfaceOrientationPortrait UIInterfaceOrientationPortraitUpsideDown UIInterfaceOrientationLandscapeLeft UIInterfaceOrientationLandscapeRight";
				INFOPLIST_KEY_UISupportedInterfaceOrientations_iPhone = "UIInterfaceOrientationPortrait UIInterfaceOrientationLandscapeLeft UIInterfaceOrientationLandscapeRight";
				LD_RUNPATH_SEARCH_PATHS = (
					"$(inherited)",
					"@executable_path/Frameworks",
				);
				MARKETING_VERSION = 1.0;
				PRODUCT_BUNDLE_IDENTIFIER = iOSApp.Blue;
				PRODUCT_NAME = "$(TARGET_NAME)";
				SWIFT_EMIT_LOC_STRINGS = YES;
				SWIFT_VERSION = 5.0;
				TARGETED_DEVICE_FAMILY = "1,2";
			};
			name = Release;
		};
		A9D610B22A47EB180020BBE7 /* Debug */ = {
			isa = XCBuildConfiguration;
			buildSettings = {
				ALWAYS_EMBED_SWIFT_STANDARD_LIBRARIES = YES;
				BUNDLE_LOADER = "$(TEST_HOST)";
				CODE_SIGN_STYLE = Automatic;
				CURRENT_PROJECT_VERSION = 1;
				DEVELOPMENT_TEAM = 5T7N8Z9JHB;
				GENERATE_INFOPLIST_FILE = YES;
				IPHONEOS_DEPLOYMENT_TARGET = 16.4;
				MARKETING_VERSION = 1.0;
				PRODUCT_BUNDLE_IDENTIFIER = iOSApp.BlueTests;
				PRODUCT_NAME = "$(TARGET_NAME)";
				SWIFT_EMIT_LOC_STRINGS = NO;
				SWIFT_VERSION = 5.0;
				TARGETED_DEVICE_FAMILY = "1,2";
				TEST_HOST = "$(BUILT_PRODUCTS_DIR)/Blue.app/$(BUNDLE_EXECUTABLE_FOLDER_PATH)/Blue";
			};
			name = Debug;
		};
		A9D610B32A47EB180020BBE7 /* Release */ = {
			isa = XCBuildConfiguration;
			buildSettings = {
				ALWAYS_EMBED_SWIFT_STANDARD_LIBRARIES = YES;
				BUNDLE_LOADER = "$(TEST_HOST)";
				CODE_SIGN_STYLE = Automatic;
				CURRENT_PROJECT_VERSION = 1;
				DEVELOPMENT_TEAM = 5T7N8Z9JHB;
				GENERATE_INFOPLIST_FILE = YES;
				IPHONEOS_DEPLOYMENT_TARGET = 16.4;
				MARKETING_VERSION = 1.0;
				PRODUCT_BUNDLE_IDENTIFIER = iOSApp.BlueTests;
				PRODUCT_NAME = "$(TARGET_NAME)";
				SWIFT_EMIT_LOC_STRINGS = NO;
				SWIFT_VERSION = 5.0;
				TARGETED_DEVICE_FAMILY = "1,2";
				TEST_HOST = "$(BUILT_PRODUCTS_DIR)/Blue.app/$(BUNDLE_EXECUTABLE_FOLDER_PATH)/Blue";
			};
			name = Release;
		};
		A9D610B52A47EB180020BBE7 /* Debug */ = {
			isa = XCBuildConfiguration;
			buildSettings = {
				ALWAYS_EMBED_SWIFT_STANDARD_LIBRARIES = YES;
				CODE_SIGN_STYLE = Automatic;
				CURRENT_PROJECT_VERSION = 1;
				DEVELOPMENT_TEAM = 5T7N8Z9JHB;
				GENERATE_INFOPLIST_FILE = YES;
				MARKETING_VERSION = 1.0;
				PRODUCT_BUNDLE_IDENTIFIER = iOSApp.BlueUITests;
				PRODUCT_NAME = "$(TARGET_NAME)";
				SWIFT_EMIT_LOC_STRINGS = NO;
				SWIFT_VERSION = 5.0;
				TARGETED_DEVICE_FAMILY = "1,2";
				TEST_TARGET_NAME = Blue;
			};
			name = Debug;
		};
		A9D610B62A47EB180020BBE7 /* Release */ = {
			isa = XCBuildConfiguration;
			buildSettings = {
				ALWAYS_EMBED_SWIFT_STANDARD_LIBRARIES = YES;
				CODE_SIGN_STYLE = Automatic;
				CURRENT_PROJECT_VERSION = 1;
				DEVELOPMENT_TEAM = 5T7N8Z9JHB;
				GENERATE_INFOPLIST_FILE = YES;
				MARKETING_VERSION = 1.0;
				PRODUCT_BUNDLE_IDENTIFIER = iOSApp.BlueUITests;
				PRODUCT_NAME = "$(TARGET_NAME)";
				SWIFT_EMIT_LOC_STRINGS = NO;
				SWIFT_VERSION = 5.0;
				TARGETED_DEVICE_FAMILY = "1,2";
				TEST_TARGET_NAME = Blue;
			};
			name = Release;
		};
/* End XCBuildConfiguration section */

/* Begin XCConfigurationList section */
		A9D610852A47EB170020BBE7 /* Build configuration list for PBXProject "Blue" */ = {
			isa = XCConfigurationList;
			buildConfigurations = (
				A9D610AC2A47EB180020BBE7 /* Debug */,
				A9D610AD2A47EB180020BBE7 /* Release */,
			);
			defaultConfigurationIsVisible = 0;
			defaultConfigurationName = Release;
		};
		A9D610AE2A47EB180020BBE7 /* Build configuration list for PBXNativeTarget "Blue" */ = {
			isa = XCConfigurationList;
			buildConfigurations = (
				A9D610AF2A47EB180020BBE7 /* Debug */,
				A9D610B02A47EB180020BBE7 /* Release */,
			);
			defaultConfigurationIsVisible = 0;
			defaultConfigurationName = Release;
		};
		A9D610B12A47EB180020BBE7 /* Build configuration list for PBXNativeTarget "BlueTests" */ = {
			isa = XCConfigurationList;
			buildConfigurations = (
				A9D610B22A47EB180020BBE7 /* Debug */,
				A9D610B32A47EB180020BBE7 /* Release */,
			);
			defaultConfigurationIsVisible = 0;
			defaultConfigurationName = Release;
		};
		A9D610B42A47EB180020BBE7 /* Build configuration list for PBXNativeTarget "BlueUITests" */ = {
			isa = XCConfigurationList;
			buildConfigurations = (
				A9D610B52A47EB180020BBE7 /* Debug */,
				A9D610B62A47EB180020BBE7 /* Release */,
			);
			defaultConfigurationIsVisible = 0;
			defaultConfigurationName = Release;
		};
/* End XCConfigurationList section */
	};
	rootObject = A9D610822A47EB170020BBE7 /* Project object */;
}
